
Microsoft Visual Studio Solution File, Format Version 12.00
# Visual Studio Version 16
VisualStudioVersion = 16.0.34031.81
MinimumVisualStudioVersion = 10.0.40219.1
Project("{2150E333-8FDC-42A3-9474-1A3956D46DE8}") = "Task0", "Task0", "{D9FBF926-9E4E-4DD1-AC6F-3520FDF654DB}"
EndProject
Project("{FAE04EC0-301F-11D3-BF4B-00C04F79EFBC}") = "Tyuiu.DeminDA.Sprint1.Task0.V2", "Tyuiu.DeminDA.Sprint1.Task0.V2\Tyuiu.DeminDA.Sprint1.Task0.V2.csproj", "{E9866B0B-4E60-4F6E-9DAC-8E077EA57796}"
EndProject
Project("{FAE04EC0-301F-11D3-BF4B-00C04F79EFBC}") = "Tyuiu.DeminDA.Sprint1.Task0.V2.Lib", "Tyuiu.DeminDA.Sprint1.Task0.V2.Lib\Tyuiu.DeminDA.Sprint1.Task0.V2.Lib.csproj", "{CF768842-1561-4B43-BAA1-F53559315A2C}"
EndProject
Project("{FAE04EC0-301F-11D3-BF4B-00C04F79EFBC}") = "Tyuiu.DeminDA.Sprint1.Task0.V2.Test", "Tyuiu.DeminDA.Sprint1.Task0.V2.Test\Tyuiu.DeminDA.Sprint1.Task0.V2.Test.csproj", "{88BD62ED-3221-4C3C-BD50-A00D623E7A24}"
EndProject
Project("{2150E333-8FDC-42A3-9474-1A3956D46DE8}") = "Task1", "Task1", "{44035437-3DCB-42C0-944A-98C996049D79}"
EndProject
Project("{FAE04EC0-301F-11D3-BF4B-00C04F79EFBC}") = "Tyuiu.DeminDA.Sprint1.Task1.V9", "Tyuiu.DeminDA.Sprint1.Task1.V9\Tyuiu.DeminDA.Sprint1.Task1.V9.csproj", "{4694950C-5A9C-4E18-897D-28127EB2A0B6}"
EndProject
Project("{FAE04EC0-301F-11D3-BF4B-00C04F79EFBC}") = "Tyuiu.DeminDA.Sprint1.Task1.V9.Lib", "Tyuiu.DeminDA.Sprint1.Task1.V9.Lib\Tyuiu.DeminDA.Sprint1.Task1.V9.Lib.csproj", "{A302885A-9EC0-4484-B452-4F9A97FF605E}"
EndProject
Project("{FAE04EC0-301F-11D3-BF4B-00C04F79EFBC}") = "Tyuiu.DeminDA.Sprint1.Task1.V9.Test", "Tyuiu.DeminDA.Sprint1.Task1.V9.Test\Tyuiu.DeminDA.Sprint1.Task1.V9.Test.csproj", "{9DEF0D2D-B172-4FFF-9DCC-BA39DD7E08F3}"
EndProject
Project("{2150E333-8FDC-42A3-9474-1A3956D46DE8}") = "Task2", "Task2", "{C0103B3E-B7E1-4682-B5E4-3AED9CD6EC76}"
EndProject
Project("{FAE04EC0-301F-11D3-BF4B-00C04F79EFBC}") = "Tyuiu.DeminDA.Sprint1.Task2.V23", "Tyuiu.DeminDA.Sprint1.Task2.V23\Tyuiu.DeminDA.Sprint1.Task2.V23.csproj", "{9248C317-F6D8-438F-B49A-C15E8763BBA3}"
EndProject
Project("{FAE04EC0-301F-11D3-BF4B-00C04F79EFBC}") = "Tyuiu.DeminDA.Sprint1.Task2.V23.Test", "Tyuiu.DeminDA.Sprint1.Task2.V23.Test\Tyuiu.DeminDA.Sprint1.Task2.V23.Test.csproj", "{38A3B54E-DFB2-4290-9E37-2A5FF64E0DDD}"
EndProject
Project("{FAE04EC0-301F-11D3-BF4B-00C04F79EFBC}") = "Tyuiu.DeminDA.Sprint1.Task2.V23.Lib", "Tyuiu.DeminDA.Sprint1.Task2.V23.Lib\Tyuiu.DeminDA.Sprint1.Task2.V23.Lib.csproj", "{F80E8183-46E8-42DD-8E58-2C4CDD627B8A}"
EndProject
Project("{2150E333-8FDC-42A3-9474-1A3956D46DE8}") = "Task3", "Task3", "{ED752106-6371-4E79-AE2A-CC9F5CAD562E}"
EndProject
Project("{FAE04EC0-301F-11D3-BF4B-00C04F79EFBC}") = "Tyuiu.DeminDA.Sprint1.Task3.V9", "Tyuiu.DeminDA.Sprint1.Task3.V9\Tyuiu.DeminDA.Sprint1.Task3.V9.csproj", "{6F1FF45B-3579-437F-B06D-D97DF60EC677}"
EndProject
Project("{FAE04EC0-301F-11D3-BF4B-00C04F79EFBC}") = "Tyuiu.DeminDA.Sprint1.Task3.V9.Lib", "Tyuiu.DeminDA.Sprint1.Task3.V9.Lib\Tyuiu.DeminDA.Sprint1.Task3.V9.Lib.csproj", "{D3691EAC-DA33-48CD-A8EC-B754282E61D9}"
EndProject
Project("{FAE04EC0-301F-11D3-BF4B-00C04F79EFBC}") = "Tyuiu.DeminDA.Sprint1.Task3.V9.Test", "Tyuiu.DeminDA.Sprint1.Task3.V9.Test\Tyuiu.DeminDA.Sprint1.Task3.V9.Test.csproj", "{ECBD1D40-DADD-4A08-921F-9152B15BAEA1}"
EndProject
Project("{2150E333-8FDC-42A3-9474-1A3956D46DE8}") = "Task4", "Task4", "{E9DE88C8-80DF-493D-9DDB-540A31B63F98}"
EndProject
Project("{FAE04EC0-301F-11D3-BF4B-00C04F79EFBC}") = "Tyuiu.DeminDA.Sprint1.Task4.V9", "Tyuiu.DeminDA.Sprint1.Task4.V9\Tyuiu.DeminDA.Sprint1.Task4.V9.csproj", "{D364FB48-2859-4906-9FF5-C82A91115858}"
EndProject
Project("{FAE04EC0-301F-11D3-BF4B-00C04F79EFBC}") = "Tyuiu.DeminDA.Sprint1.Task4.V9.Lib", "Tyuiu.DeminDA.Sprint1.Task4.V9.Lib\Tyuiu.DeminDA.Sprint1.Task4.V9.Lib.csproj", "{271C6A3A-C442-4521-B9F0-4DF2596782BC}"
EndProject
Project("{FAE04EC0-301F-11D3-BF4B-00C04F79EFBC}") = "Tyuiu.DeminDA.Sprint1.Task4.V9.Test", "Tyuiu.DeminDA.Sprint1.Task4.V9.Test\Tyuiu.DeminDA.Sprint1.Task4.V9.Test.csproj", "{2041857B-4165-41D4-9B50-EC4BB84E9567}"
EndProject
Project("{2150E333-8FDC-42A3-9474-1A3956D46DE8}") = "Task5", "Task5", "{465B9CEC-8E93-4274-ACF4-7D3C65826873}"
EndProject
Project("{FAE04EC0-301F-11D3-BF4B-00C04F79EFBC}") = "Tyuiu.DeminDA.Sprint1.Task5.V5", "Tyuiu.DeminDA.Sprint1.Task5.V5\Tyuiu.DeminDA.Sprint1.Task5.V5.csproj", "{13C291F5-D17E-470F-8F5B-B92863B7FDDF}"
EndProject
Project("{FAE04EC0-301F-11D3-BF4B-00C04F79EFBC}") = "Tyuiu.DeminDA.Sprint1.Task5.V5.Lib", "Tyuiu.DeminDA.Sprint1.Task5.V5.Lib\Tyuiu.DeminDA.Sprint1.Task5.V5.Lib.csproj", "{34AD1E52-FD77-454F-8683-8A7557A0BE27}"
EndProject
Project("{FAE04EC0-301F-11D3-BF4B-00C04F79EFBC}") = "Tyuiu.DeminDA.Sprint1.Task5.V5.Test", "Tyuiu.DeminDA.Sprint1.Task5.V5.Test\Tyuiu.DeminDA.Sprint1.Task5.V5.Test.csproj", "{57C995C6-EDE9-44AF-870E-2167428B6FFF}"
EndProject
Project("{2150E333-8FDC-42A3-9474-1A3956D46DE8}") = "Task6", "Task6", "{D743F852-2AA6-47FA-A394-7EF607B9CF72}"
EndProject
Project("{FAE04EC0-301F-11D3-BF4B-00C04F79EFBC}") = "Tyuiu.DeminDA.Sprint1.Task6.V2", "Tyuiu.DeminDA.Sprint1.Task6.V2\Tyuiu.DeminDA.Sprint1.Task6.V2.csproj", "{386009F5-C1FC-4B18-BFA1-D6FE100909E1}"
EndProject
Project("{FAE04EC0-301F-11D3-BF4B-00C04F79EFBC}") = "Tyuiu.DeminDA.Sprint1.Task6.V2.Lib", "Tyuiu.DeminDA.Sprint1.Task6.V2.Lib\Tyuiu.DeminDA.Sprint1.Task6.V2.Lib.csproj", "{59DEAB91-478A-408D-9807-D814F0949A2F}"
EndProject
Project("{FAE04EC0-301F-11D3-BF4B-00C04F79EFBC}") = "Tyuiu.DeminDA.Sprint1.Task6.V2.Test", "Tyuiu.DeminDA.Sprint1.Task6.V2.Test\Tyuiu.DeminDA.Sprint1.Task6.V2.Test.csproj", "{0D9AFA6E-4D7F-40B1-BDFF-3CCC27826410}"
EndProject
Project("{2150E333-8FDC-42A3-9474-1A3956D46DE8}") = "Task7", "Task7", "{6F4DA346-47FA-4194-83BE-E62A3B1145ED}"
EndProject
Project("{FAE04EC0-301F-11D3-BF4B-00C04F79EFBC}") = "Tyuiu.DeminDA.Sprint1.Task7.V17", "Tyuiu.DeminDA.Sprint1.Task7.V17\Tyuiu.DeminDA.Sprint1.Task7.V17.csproj", "{04D6DE1D-F64C-4470-8CB1-B110D2F8B570}"
EndProject
Project("{FAE04EC0-301F-11D3-BF4B-00C04F79EFBC}") = "Tyuiu.DeminDA.Sprint1.Task7.V17.Lib", "Tyuiu.DeminDA.Sprint1.Task7.V17.Lib\Tyuiu.DeminDA.Sprint1.Task7.V17.Lib.csproj", "{E90B7C06-4BDD-4F27-B321-BC4EA2DA6581}"
EndProject
Project("{FAE04EC0-301F-11D3-BF4B-00C04F79EFBC}") = "Tyuiu.DeminDA.Sprint1.Task7.V17.Test", "Tyuiu.DeminDA.Sprint1.Task7.V17.Test\Tyuiu.DeminDA.Sprint1.Task7.V17.Test.csproj", "{32D48C75-49D0-42C0-A5FF-487AC27CA5BC}"
EndProject
Global
	GlobalSection(SolutionConfigurationPlatforms) = preSolution
		Debug|Any CPU = Debug|Any CPU
		Release|Any CPU = Release|Any CPU
	EndGlobalSection
	GlobalSection(ProjectConfigurationPlatforms) = postSolution
		{E9866B0B-4E60-4F6E-9DAC-8E077EA57796}.Debug|Any CPU.ActiveCfg = Debug|Any CPU
		{E9866B0B-4E60-4F6E-9DAC-8E077EA57796}.Debug|Any CPU.Build.0 = Debug|Any CPU
		{E9866B0B-4E60-4F6E-9DAC-8E077EA57796}.Release|Any CPU.ActiveCfg = Release|Any CPU
		{E9866B0B-4E60-4F6E-9DAC-8E077EA57796}.Release|Any CPU.Build.0 = Release|Any CPU
		{CF768842-1561-4B43-BAA1-F53559315A2C}.Debug|Any CPU.ActiveCfg = Debug|Any CPU
		{CF768842-1561-4B43-BAA1-F53559315A2C}.Debug|Any CPU.Build.0 = Debug|Any CPU
		{CF768842-1561-4B43-BAA1-F53559315A2C}.Release|Any CPU.ActiveCfg = Release|Any CPU
		{CF768842-1561-4B43-BAA1-F53559315A2C}.Release|Any CPU.Build.0 = Release|Any CPU
		{88BD62ED-3221-4C3C-BD50-A00D623E7A24}.Debug|Any CPU.ActiveCfg = Debug|Any CPU
		{88BD62ED-3221-4C3C-BD50-A00D623E7A24}.Debug|Any CPU.Build.0 = Debug|Any CPU
		{88BD62ED-3221-4C3C-BD50-A00D623E7A24}.Release|Any CPU.ActiveCfg = Release|Any CPU
		{88BD62ED-3221-4C3C-BD50-A00D623E7A24}.Release|Any CPU.Build.0 = Release|Any CPU
		{4694950C-5A9C-4E18-897D-28127EB2A0B6}.Debug|Any CPU.ActiveCfg = Debug|Any CPU
		{4694950C-5A9C-4E18-897D-28127EB2A0B6}.Debug|Any CPU.Build.0 = Debug|Any CPU
		{4694950C-5A9C-4E18-897D-28127EB2A0B6}.Release|Any CPU.ActiveCfg = Release|Any CPU
		{4694950C-5A9C-4E18-897D-28127EB2A0B6}.Release|Any CPU.Build.0 = Release|Any CPU
		{A302885A-9EC0-4484-B452-4F9A97FF605E}.Debug|Any CPU.ActiveCfg = Debug|Any CPU
		{A302885A-9EC0-4484-B452-4F9A97FF605E}.Debug|Any CPU.Build.0 = Debug|Any CPU
		{A302885A-9EC0-4484-B452-4F9A97FF605E}.Release|Any CPU.ActiveCfg = Release|Any CPU
		{A302885A-9EC0-4484-B452-4F9A97FF605E}.Release|Any CPU.Build.0 = Release|Any CPU
		{9DEF0D2D-B172-4FFF-9DCC-BA39DD7E08F3}.Debug|Any CPU.ActiveCfg = Debug|Any CPU
		{9DEF0D2D-B172-4FFF-9DCC-BA39DD7E08F3}.Debug|Any CPU.Build.0 = Debug|Any CPU
		{9DEF0D2D-B172-4FFF-9DCC-BA39DD7E08F3}.Release|Any CPU.ActiveCfg = Release|Any CPU
		{9DEF0D2D-B172-4FFF-9DCC-BA39DD7E08F3}.Release|Any CPU.Build.0 = Release|Any CPU
		{9248C317-F6D8-438F-B49A-C15E8763BBA3}.Debug|Any CPU.ActiveCfg = Debug|Any CPU
		{9248C317-F6D8-438F-B49A-C15E8763BBA3}.Debug|Any CPU.Build.0 = Debug|Any CPU
		{9248C317-F6D8-438F-B49A-C15E8763BBA3}.Release|Any CPU.ActiveCfg = Release|Any CPU
		{9248C317-F6D8-438F-B49A-C15E8763BBA3}.Release|Any CPU.Build.0 = Release|Any CPU
		{38A3B54E-DFB2-4290-9E37-2A5FF64E0DDD}.Debug|Any CPU.ActiveCfg = Debug|Any CPU
		{38A3B54E-DFB2-4290-9E37-2A5FF64E0DDD}.Debug|Any CPU.Build.0 = Debug|Any CPU
		{38A3B54E-DFB2-4290-9E37-2A5FF64E0DDD}.Release|Any CPU.ActiveCfg = Release|Any CPU
		{38A3B54E-DFB2-4290-9E37-2A5FF64E0DDD}.Release|Any CPU.Build.0 = Release|Any CPU
		{F80E8183-46E8-42DD-8E58-2C4CDD627B8A}.Debug|Any CPU.ActiveCfg = Debug|Any CPU
		{F80E8183-46E8-42DD-8E58-2C4CDD627B8A}.Debug|Any CPU.Build.0 = Debug|Any CPU
		{F80E8183-46E8-42DD-8E58-2C4CDD627B8A}.Release|Any CPU.ActiveCfg = Release|Any CPU
		{F80E8183-46E8-42DD-8E58-2C4CDD627B8A}.Release|Any CPU.Build.0 = Release|Any CPU
		{6F1FF45B-3579-437F-B06D-D97DF60EC677}.Debug|Any CPU.ActiveCfg = Debug|Any CPU
		{6F1FF45B-3579-437F-B06D-D97DF60EC677}.Debug|Any CPU.Build.0 = Debug|Any CPU
		{6F1FF45B-3579-437F-B06D-D97DF60EC677}.Release|Any CPU.ActiveCfg = Release|Any CPU
		{6F1FF45B-3579-437F-B06D-D97DF60EC677}.Release|Any CPU.Build.0 = Release|Any CPU
		{D3691EAC-DA33-48CD-A8EC-B754282E61D9}.Debug|Any CPU.ActiveCfg = Debug|Any CPU
		{D3691EAC-DA33-48CD-A8EC-B754282E61D9}.Debug|Any CPU.Build.0 = Debug|Any CPU
		{D3691EAC-DA33-48CD-A8EC-B754282E61D9}.Release|Any CPU.ActiveCfg = Release|Any CPU
		{D3691EAC-DA33-48CD-A8EC-B754282E61D9}.Release|Any CPU.Build.0 = Release|Any CPU
		{ECBD1D40-DADD-4A08-921F-9152B15BAEA1}.Debug|Any CPU.ActiveCfg = Debug|Any CPU
		{ECBD1D40-DADD-4A08-921F-9152B15BAEA1}.Debug|Any CPU.Build.0 = Debug|Any CPU
		{ECBD1D40-DADD-4A08-921F-9152B15BAEA1}.Release|Any CPU.ActiveCfg = Release|Any CPU
		{ECBD1D40-DADD-4A08-921F-9152B15BAEA1}.Release|Any CPU.Build.0 = Release|Any CPU
		{D364FB48-2859-4906-9FF5-C82A91115858}.Debug|Any CPU.ActiveCfg = Debug|Any CPU
		{D364FB48-2859-4906-9FF5-C82A91115858}.Debug|Any CPU.Build.0 = Debug|Any CPU
		{D364FB48-2859-4906-9FF5-C82A91115858}.Release|Any CPU.ActiveCfg = Release|Any CPU
		{D364FB48-2859-4906-9FF5-C82A91115858}.Release|Any CPU.Build.0 = Release|Any CPU
		{271C6A3A-C442-4521-B9F0-4DF2596782BC}.Debug|Any CPU.ActiveCfg = Debug|Any CPU
		{271C6A3A-C442-4521-B9F0-4DF2596782BC}.Debug|Any CPU.Build.0 = Debug|Any CPU
		{271C6A3A-C442-4521-B9F0-4DF2596782BC}.Release|Any CPU.ActiveCfg = Release|Any CPU
		{271C6A3A-C442-4521-B9F0-4DF2596782BC}.Release|Any CPU.Build.0 = Release|Any CPU
		{2041857B-4165-41D4-9B50-EC4BB84E9567}.Debug|Any CPU.ActiveCfg = Debug|Any CPU
		{2041857B-4165-41D4-9B50-EC4BB84E9567}.Debug|Any CPU.Build.0 = Debug|Any CPU
		{2041857B-4165-41D4-9B50-EC4BB84E9567}.Release|Any CPU.ActiveCfg = Release|Any CPU
		{2041857B-4165-41D4-9B50-EC4BB84E9567}.Release|Any CPU.Build.0 = Release|Any CPU
		{13C291F5-D17E-470F-8F5B-B92863B7FDDF}.Debug|Any CPU.ActiveCfg = Debug|Any CPU
		{13C291F5-D17E-470F-8F5B-B92863B7FDDF}.Debug|Any CPU.Build.0 = Debug|Any CPU
		{13C291F5-D17E-470F-8F5B-B92863B7FDDF}.Release|Any CPU.ActiveCfg = Release|Any CPU
		{13C291F5-D17E-470F-8F5B-B92863B7FDDF}.Release|Any CPU.Build.0 = Release|Any CPU
		{34AD1E52-FD77-454F-8683-8A7557A0BE27}.Debug|Any CPU.ActiveCfg = Debug|Any CPU
		{34AD1E52-FD77-454F-8683-8A7557A0BE27}.Debug|Any CPU.Build.0 = Debug|Any CPU
		{34AD1E52-FD77-454F-8683-8A7557A0BE27}.Release|Any CPU.ActiveCfg = Release|Any CPU
		{34AD1E52-FD77-454F-8683-8A7557A0BE27}.Release|Any CPU.Build.0 = Release|Any CPU
		{57C995C6-EDE9-44AF-870E-2167428B6FFF}.Debug|Any CPU.ActiveCfg = Debug|Any CPU
		{57C995C6-EDE9-44AF-870E-2167428B6FFF}.Debug|Any CPU.Build.0 = Debug|Any CPU
		{57C995C6-EDE9-44AF-870E-2167428B6FFF}.Release|Any CPU.ActiveCfg = Release|Any CPU
		{57C995C6-EDE9-44AF-870E-2167428B6FFF}.Release|Any CPU.Build.0 = Release|Any CPU
		{386009F5-C1FC-4B18-BFA1-D6FE100909E1}.Debug|Any CPU.ActiveCfg = Debug|Any CPU
		{386009F5-C1FC-4B18-BFA1-D6FE100909E1}.Debug|Any CPU.Build.0 = Debug|Any CPU
		{386009F5-C1FC-4B18-BFA1-D6FE100909E1}.Release|Any CPU.ActiveCfg = Release|Any CPU
		{386009F5-C1FC-4B18-BFA1-D6FE100909E1}.Release|Any CPU.Build.0 = Release|Any CPU
		{59DEAB91-478A-408D-9807-D814F0949A2F}.Debug|Any CPU.ActiveCfg = Debug|Any CPU
		{59DEAB91-478A-408D-9807-D814F0949A2F}.Debug|Any CPU.Build.0 = Debug|Any CPU
		{59DEAB91-478A-408D-9807-D814F0949A2F}.Release|Any CPU.ActiveCfg = Release|Any CPU
		{59DEAB91-478A-408D-9807-D814F0949A2F}.Release|Any CPU.Build.0 = Release|Any CPU
		{0D9AFA6E-4D7F-40B1-BDFF-3CCC27826410}.Debug|Any CPU.ActiveCfg = Debug|Any CPU
		{0D9AFA6E-4D7F-40B1-BDFF-3CCC27826410}.Debug|Any CPU.Build.0 = Debug|Any CPU
		{0D9AFA6E-4D7F-40B1-BDFF-3CCC27826410}.Release|Any CPU.ActiveCfg = Release|Any CPU
		{0D9AFA6E-4D7F-40B1-BDFF-3CCC27826410}.Release|Any CPU.Build.0 = Release|Any CPU
		{04D6DE1D-F64C-4470-8CB1-B110D2F8B570}.Debug|Any CPU.ActiveCfg = Debug|Any CPU
		{04D6DE1D-F64C-4470-8CB1-B110D2F8B570}.Debug|Any CPU.Build.0 = Debug|Any CPU
		{04D6DE1D-F64C-4470-8CB1-B110D2F8B570}.Release|Any CPU.ActiveCfg = Release|Any CPU
		{04D6DE1D-F64C-4470-8CB1-B110D2F8B570}.Release|Any CPU.Build.0 = Release|Any CPU
		{E90B7C06-4BDD-4F27-B321-BC4EA2DA6581}.Debug|Any CPU.ActiveCfg = Debug|Any CPU
		{E90B7C06-4BDD-4F27-B321-BC4EA2DA6581}.Debug|Any CPU.Build.0 = Debug|Any CPU
		{E90B7C06-4BDD-4F27-B321-BC4EA2DA6581}.Release|Any CPU.ActiveCfg = Release|Any CPU
		{E90B7C06-4BDD-4F27-B321-BC4EA2DA6581}.Release|Any CPU.Build.0 = Release|Any CPU
		{32D48C75-49D0-42C0-A5FF-487AC27CA5BC}.Debug|Any CPU.ActiveCfg = Debug|Any CPU
		{32D48C75-49D0-42C0-A5FF-487AC27CA5BC}.Debug|Any CPU.Build.0 = Debug|Any CPU
		{32D48C75-49D0-42C0-A5FF-487AC27CA5BC}.Release|Any CPU.ActiveCfg = Release|Any CPU
		{32D48C75-49D0-42C0-A5FF-487AC27CA5BC}.Release|Any CPU.Build.0 = Release|Any CPU
	EndGlobalSection
	GlobalSection(SolutionProperties) = preSolution
		HideSolutionNode = FALSE
	EndGlobalSection
	GlobalSection(NestedProjects) = preSolution
		{E9866B0B-4E60-4F6E-9DAC-8E077EA57796} = {D9FBF926-9E4E-4DD1-AC6F-3520FDF654DB}
		{CF768842-1561-4B43-BAA1-F53559315A2C} = {D9FBF926-9E4E-4DD1-AC6F-3520FDF654DB}
		{88BD62ED-3221-4C3C-BD50-A00D623E7A24} = {D9FBF926-9E4E-4DD1-AC6F-3520FDF654DB}
		{4694950C-5A9C-4E18-897D-28127EB2A0B6} = {44035437-3DCB-42C0-944A-98C996049D79}
		{A302885A-9EC0-4484-B452-4F9A97FF605E} = {44035437-3DCB-42C0-944A-98C996049D79}
		{9DEF0D2D-B172-4FFF-9DCC-BA39DD7E08F3} = {44035437-3DCB-42C0-944A-98C996049D79}
		{9248C317-F6D8-438F-B49A-C15E8763BBA3} = {C0103B3E-B7E1-4682-B5E4-3AED9CD6EC76}
		{38A3B54E-DFB2-4290-9E37-2A5FF64E0DDD} = {C0103B3E-B7E1-4682-B5E4-3AED9CD6EC76}
		{F80E8183-46E8-42DD-8E58-2C4CDD627B8A} = {C0103B3E-B7E1-4682-B5E4-3AED9CD6EC76}
		{6F1FF45B-3579-437F-B06D-D97DF60EC677} = {ED752106-6371-4E79-AE2A-CC9F5CAD562E}
		{D3691EAC-DA33-48CD-A8EC-B754282E61D9} = {ED752106-6371-4E79-AE2A-CC9F5CAD562E}
		{ECBD1D40-DADD-4A08-921F-9152B15BAEA1} = {ED752106-6371-4E79-AE2A-CC9F5CAD562E}
		{D364FB48-2859-4906-9FF5-C82A91115858} = {E9DE88C8-80DF-493D-9DDB-540A31B63F98}
		{271C6A3A-C442-4521-B9F0-4DF2596782BC} = {E9DE88C8-80DF-493D-9DDB-540A31B63F98}
		{2041857B-4165-41D4-9B50-EC4BB84E9567} = {E9DE88C8-80DF-493D-9DDB-540A31B63F98}
		{13C291F5-D17E-470F-8F5B-B92863B7FDDF} = {465B9CEC-8E93-4274-ACF4-7D3C65826873}
		{34AD1E52-FD77-454F-8683-8A7557A0BE27} = {465B9CEC-8E93-4274-ACF4-7D3C65826873}
		{57C995C6-EDE9-44AF-870E-2167428B6FFF} = {465B9CEC-8E93-4274-ACF4-7D3C65826873}
		{386009F5-C1FC-4B18-BFA1-D6FE100909E1} = {D743F852-2AA6-47FA-A394-7EF607B9CF72}
		{59DEAB91-478A-408D-9807-D814F0949A2F} = {D743F852-2AA6-47FA-A394-7EF607B9CF72}
		{0D9AFA6E-4D7F-40B1-BDFF-3CCC27826410} = {D743F852-2AA6-47FA-A394-7EF607B9CF72}
		{04D6DE1D-F64C-4470-8CB1-B110D2F8B570} = {6F4DA346-47FA-4194-83BE-E62A3B1145ED}
		{E90B7C06-4BDD-4F27-B321-BC4EA2DA6581} = {6F4DA346-47FA-4194-83BE-E62A3B1145ED}
		{32D48C75-49D0-42C0-A5FF-487AC27CA5BC} = {6F4DA346-47FA-4194-83BE-E62A3B1145ED}
	EndGlobalSection
	GlobalSection(ExtensibilityGlobals) = postSolution
		SolutionGuid = {4238600A-B9D5-4255-A797-33090157132D}
	EndGlobalSection
EndGlobal
